
Microsoft Visual Studio Solution File, Format Version 12.00
# Visual Studio 15
VisualStudioVersion = 15.0.26730.16
MinimumVisualStudioVersion = 10.0.40219.1
Project("{FAE04EC0-301F-11D3-BF4B-00C04F79EFBC}") = "SetCollection", "SetCollection\SetCollection.csproj", "{4718C025-9FF9-4603-9D74-90C080E0FC1E}"
EndProject
Project("{FAE04EC0-301F-11D3-BF4B-00C04F79EFBC}") = "SetCollectionTest", "SetCollectionTest\SetCollectionTest.csproj", "{EAE65453-585D-49C0-ABA8-AAD31ED4C068}"
EndProject
Global
	GlobalSection(SolutionConfigurationPlatforms) = preSolution
		Debug|Any CPU = Debug|Any CPU
		Release|Any CPU = Release|Any CPU
	EndGlobalSection
	GlobalSection(ProjectConfigurationPlatforms) = postSolution
		{4718C025-9FF9-4603-9D74-90C080E0FC1E}.Debug|Any CPU.ActiveCfg = Debug|Any CPU
		{4718C025-9FF9-4603-9D74-90C080E0FC1E}.Debug|Any CPU.Build.0 = Debug|Any CPU
		{4718C025-9FF9-4603-9D74-90C080E0FC1E}.Release|Any CPU.ActiveCfg = Release|Any CPU
		{4718C025-9FF9-4603-9D74-90C080E0FC1E}.Release|Any CPU.Build.0 = Release|Any CPU
		{EAE65453-585D-49C0-ABA8-AAD31ED4C068}.Debug|Any CPU.ActiveCfg = Debug|Any CPU
		{EAE65453-585D-49C0-ABA8-AAD31ED4C068}.Debug|Any CPU.Build.0 = Debug|Any CPU
		{EAE65453-585D-49C0-ABA8-AAD31ED4C068}.Release|Any CPU.ActiveCfg = Release|Any CPU
		{EAE65453-585D-49C0-ABA8-AAD31ED4C068}.Release|Any CPU.Build.0 = Release|Any CPU
	EndGlobalSection
	GlobalSection(SolutionProperties) = preSolution
		HideSolutionNode = FALSE
	EndGlobalSection
	GlobalSection(ExtensibilityGlobals) = postSolution
		SolutionGuid = {D499DD75-2BFF-41F8-B234-FB34E607E72B}
	EndGlobalSection
EndGlobal
